github.com/deploymenttheory/go-bindings-win32 v0.2.1 h1:mApZJdaGj636R5lLwSPIIdA+6hKPewtdg8VpePc5VBA=
github.com/deploymenttheory/go-bindings-win32 v0.2.1/go.mod h1:UCwSCOc2LcmtnGEQFuhyDZ9pFjMdpxvOhR4MsjOji94=
github.com/deploymenttheory/go-bindings-winrt v0.6.0 h1:wgM2t5ur6dgEZMiFD50lWmLpKxzpac0waK/FoXIXB/w=
github.com/deploymenttheory/go-bindings-winrt v0.6.0/go.mod h1:9NHSiJJNrtzRHquQTrfpcPa5b0YYOpwNxBoHWh9i6eo=
golang.org/x/sys v0.48.0 h1:bbX/i/6MgT9BVLM9RT1thmxL04yeTAhbEz4SyadbXoo=
golang.org/x/sys v0.48.0/go.mod h1:hNLxWAXmnKAxqDtdwIYC4bM9oQPEecfsnNMuSxOs3og=
